// !$*UTF8*$!
{
	archiveVersion = 1;
	classes = {
	};
	objectVersion = 46;
	objects = {

/* Begin PBXBuildFile section */
		FF28B1AB1CD49DF100D9DD99 /* Contact.m in Sources */ = {isa = PBXBuildFile; fileRef = FF28B1AA1CD49DF100D9DD99 /* Contact.m */; };
		FF86FCE71CB83E4600A662DC /* main.m in Sources */ = {isa = PBXBuildFile; fileRef = FF86FCE61CB83E4600A662DC /* main.m */; };
		FF86FCEA1CB83E4600A662DC /* AppDelegate.m in Sources */ = {isa = PBXBuildFile; fileRef = FF86FCE91CB83E4600A662DC /* AppDelegate.m */; };
		FF86FCED1CB83E4600A662DC /* ContactFormViewController.m in Sources */ = {isa = PBXBuildFile; fileRef = FF86FCEC1CB83E4600A662DC /* ContactFormViewController.m */; };
		FF86FCF01CB83E4600A662DC /* Main.storyboard in Resources */ = {isa = PBXBuildFile; fileRef = FF86FCEE1CB83E4600A662DC /* Main.storyboard */; };
		FF86FCF31CB83E4600A662DC /* Contacts.xcdatamodeld in Sources */ = {isa = PBXBuildFile; fileRef = FF86FCF11CB83E4600A662DC /* Contacts.xcdatamodeld */; };
		FF86FCF51CB83E4600A662DC /* Assets.xcassets in Resources */ = {isa = PBXBuildFile; fileRef = FF86FCF41CB83E4600A662DC /* Assets.xcassets */; };
		FF86FCF81CB83E4600A662DC /* LaunchScreen.storyboard in Resources */ = {isa = PBXBuildFile; fileRef = FF86FCF61CB83E4600A662DC /* LaunchScreen.storyboard */; };
/* End PBXBuildFile section */

/* Begin PBXFileReference section */
		FF28B1A91CD49DF100D9DD99 /* Contact.h */ = {isa = PBXFileReference; fileEncoding = 4; lastKnownFileType = sourcecode.c.h; path = Contact.h; sourceTree = "<group>"; };
		FF28B1AA1CD49DF100D9DD99 /* Contact.m */ = {isa = PBXFileReference; fileEncoding = 4; lastKnownFileType = sourcecode.c.objc; path = Contact.m; sourceTree = "<group>"; };
		FF86FCE21CB83E4600A662DC /* Contacts.app */ = {isa = PBXFileReference; explicitFileType = wrapper.application; includeInIndex = 0; path = Contacts.app; sourceTree = BUILT_PRODUCTS_DIR; };
		FF86FCE61CB83E4600A662DC /* main.m */ = {isa = PBXFileReference; lastKnownFileType = sourcecode.c.objc; path = main.m; sourceTree = "<group>"; };
		FF86FCE81CB83E4600A662DC /* AppDelegate.h */ = {isa = PBXFileReference; lastKnownFileType = sourcecode.c.h; path = AppDelegate.h; sourceTree = "<group>"; };
		FF86FCE91CB83E4600A662DC /* AppDelegate.m */ = {isa = PBXFileReference; lastKnownFileType = sourcecode.c.objc; path = AppDelegate.m; sourceTree = "<group>"; };
		FF86FCEB1CB83E4600A662DC /* ContactFormViewController.h */ = {isa = PBXFileReference; lastKnownFileType = sourcecode.c.h; path = ContactFormViewController.h; sourceTree = "<group>"; };
		FF86FCEC1CB83E4600A662DC /* ContactFormViewController.m */ = {isa = PBXFileReference; lastKnownFileType = sourcecode.c.objc; path = ContactFormViewController.m; sourceTree = "<group>"; };
		FF86FCEF1CB83E4600A662DC /* Base */ = {isa = PBXFileReference; lastKnownFileType = file.storyboard; name = Base; path = Base.lproj/Main.storyboard; sourceTree = "<group>"; };
		FF86FCF21CB83E4600A662DC /* Contacts.xcdatamodel */ = {isa = PBXFileReference; lastKnownFileType = wrapper.xcdatamodel; path = Contacts.xcdatamodel; sourceTree = "<group>"; };
		FF86FCF41CB83E4600A662DC /* Assets.xcassets */ = {isa = PBXFileReference; lastKnownFileType = folder.assetcatalog; path = Assets.xcassets; sourceTree = "<group>"; };
		FF86FCF71CB83E4600A662DC /* Base */ = {isa = PBXFileReference; lastKnownFileType = file.storyboard; name = Base; path = Base.lproj/LaunchScreen.storyboard; sourceTree = "<group>"; };
		FF86FCF91CB83E4600A662DC /* Info.plist */ = {isa = PBXFileReference; lastKnownFileType = text.plist.xml; path = Info.plist; sourceTree = "<group>"; };
/* End PBXFileReference section */

/* Begin PBXFrameworksBuildPhase section */
		FF86FCDF1CB83E4600A662DC /* Frameworks */ = {
			isa = PBXFrameworksBuildPhase;
			buildActionMask = 2147483647;
			files = (
			);
			runOnlyForDeploymentPostprocessing = 0;
		};
/* End PBXFrameworksBuildPhase section */

/* Begin PBXGroup section */
		FF86FCD91CB83E4600A662DC = {
			isa = PBXGroup;
			children = (
				FF86FCE41CB83E4600A662DC /* Contacts */,
				FF86FCE31CB83E4600A662DC /* Products */,
			);
			sourceTree = "<group>";
		};
		FF86FCE31CB83E4600A662DC /* Products */ = {
			isa = PBXGroup;
			children = (
				FF86FCE21CB83E4600A662DC /* Contacts.app */,
			);
			name = Products;
			sourceTree = "<group>";
		};
		FF86FCE41CB83E4600A662DC /* Contacts */ = {
			isa = PBXGroup;
			children = (
				FF86FCE81CB83E4600A662DC /* AppDelegate.h */,
				FF86FCE91CB83E4600A662DC /* AppDelegate.m */,
				FF86FCEB1CB83E4600A662DC /* ContactFormViewController.h */,
				FF28B1A91CD49DF100D9DD99 /* Contact.h */,
				FF28B1AA1CD49DF100D9DD99 /* Contact.m */,
				FF86FCEC1CB83E4600A662DC /* ContactFormViewController.m */,
				FF86FCEE1CB83E4600A662DC /* Main.storyboard */,
				FF86FCF41CB83E4600A662DC /* Assets.xcassets */,
				FF86FCF61CB83E4600A662DC /* LaunchScreen.storyboard */,
				FF86FCF91CB83E4600A662DC /* Info.plist */,
				FF86FCF11CB83E4600A662DC /* Contacts.xcdatamodeld */,
				FF86FCE51CB83E4600A662DC /* Supporting Files */,
			);
			path = Contacts;
			sourceTree = "<group>";
		};
		FF86FCE51CB83E4600A662DC /* Supporting Files */ = {
			isa = PBXGroup;
			children = (
				FF86FCE61CB83E4600A662DC /* main.m */,
			);
			name = "Supporting Files";
			sourceTree = "<group>";
		};
/* End PBXGroup section */

/* Begin PBXNativeTarget section */
		FF86FCE11CB83E4600A662DC /* Contacts */ = {
			isa = PBXNativeTarget;
			buildConfigurationList = FF86FCFC1CB83E4600A662DC /* Build configuration list for PBXNativeTarget "Contacts" */;
			buildPhases = (
				FF86FCDE1CB83E4600A662DC /* Sources */,
				FF86FCDF1CB83E4600A662DC /* Frameworks */,
				FF86FCE01CB83E4600A662DC /* Resources */,
			);
			buildRules = (
			);
			dependencies = (
			);
			name = Contacts;
			productName = Contacts;
			productReference = FF86FCE21CB83E4600A662DC /* Contacts.app */;
			productType = "com.apple.product-type.application";
		};
/* End PBXNativeTarget section */

/* Begin PBXProject section */
		FF86FCDA1CB83E4600A662DC /* Project object */ = {
			isa = PBXProject;
			attributes = {
				LastUpgradeCheck = 0730;
				ORGANIZATIONNAME = ThomazBarros;
				TargetAttributes = {
					FF86FCE11CB83E4600A662DC = {
						CreatedOnToolsVersion = 7.3;
					};
				};
			};
			buildConfigurationList = FF86FCDD1CB83E4600A662DC /* Build configuration list for PBXProject "Contacts" */;
			compatibilityVersion = "Xcode 3.2";
			developmentRegion = English;
			hasScannedForEncodings = 0;
			knownRegions = (
				en,
				Base,
			);
			mainGroup = FF86FCD91CB83E4600A662DC;
			productRefGroup = FF86FCE31CB83E4600A662DC /* Products */;
			projectDirPath = "";
			projectRoot = "";
			targets = (
				FF86FCE11CB83E4600A662DC /* Contacts */,
			);
		};
/* End PBXProject section */

/* Begin PBXResourcesBuildPhase section */
		FF86FCE01CB83E4600A662DC /* Resources */ = {
			isa = PBXResourcesBuildPhase;
			buildActionMask = 2147483647;
			files = (
				FF86FCF81CB83E4600A662DC /* LaunchScreen.storyboard in Resources */,
				FF86FCF51CB83E4600A662DC /* Assets.xcassets in Resources */,
				FF86FCF01CB83E4600A662DC /* Main.storyboard in Resources */,
			);
			runOnlyForDeploymentPostprocessing = 0;
		};
/* End PBXResourcesBuildPhase section */

/* Begin PBXSourcesBuildPhase section */
		FF86FCDE1CB83E4600A662DC /* Sources */ = {
			isa = PBXSourcesBuildPhase;
			buildActionMask = 2147483647;
			files = (
				FF86FCF31CB83E4600A662DC /* Contacts.xcdatamodeld in Sources */,
				FF86FCED1CB83E4600A662DC /* ContactFormViewController.m in Sources */,
				FF28B1AB1CD49DF100D9DD99 /* Contact.m in Sources */,
				FF86FCEA1CB83E4600A662DC /* AppDelegate.m in Sources */,
				FF86FCE71CB83E4600A662DC /* main.m in Sources */,
			);
			runOnlyForDeploymentPostprocessing = 0;
		};
/* End PBXSourcesBuildPhase section */

/* Begin PBXVariantGroup section */
		FF86FCEE1CB83E4600A662DC /* Main.storyboard */ = {
			isa = PBXVariantGroup;
			children = (
				FF86FCEF1CB83E4600A662DC /* Base */,
			);
			name = Main.storyboard;
			sourceTree = "<group>";
		};
		FF86FCF61CB83E4600A662DC /* LaunchScreen.storyboard */ = {
			isa = PBXVariantGroup;
			children = (
				FF86FCF71CB83E4600A662DC /* Base */,
			);
			name = LaunchScreen.storyboard;
			sourceTree = "<group>";
		};
/* End PBXVariantGroup section */

/* Begin XCBuildConfiguration section */
		FF86FCFA1CB83E4600A662DC /* Debug */ = {
			isa = XCBuildConfiguration;
			buildSettings = {
				ALWAYS_SEARCH_USER_PATHS = NO;
				CLANG_ANALYZER_NONNULL = YES;
				CLANG_CXX_LANGUAGE_STANDARD = "gnu++0x";
				CLANG_CXX_LIBRARY = "libc++";
				CLANG_ENABLE_MODULES = YES;
				CLANG_ENABLE_OBJC_ARC = YES;
				CLANG_WARN_BOOL_CONVERSION = YES;
				CLANG_WARN_CONSTANT_CONVERSION = YES;
				CLANG_WARN_DIRECT_OBJC_ISA_USAGE = YES_ERROR;
				CLANG_WARN_EMPTY_BODY = YES;
				CLANG_WARN_ENUM_CONVERSION = YES;
				CLANG_WARN_INT_CONVERSION = YES;
				CLANG_WARN_OBJC_ROOT_CLASS = YES_ERROR;
				CLANG_WARN_UNREACHABLE_CODE = YES;
				CLANG_WARN__DUPLICATE_METHOD_MATCH = YES;
				"CODE_SIGN_IDENTITY[sdk=iphoneos*]" = "iPhone Developer";
				COPY_PHASE_STRIP = NO;
				DEBUG_INFORMATION_FORMAT = dwarf;
				ENABLE_STRICT_OBJC_MSGSEND = YES;
				ENABLE_TESTABILITY = YES;
				GCC_C_LANGUAGE_STANDARD = gnu99;
				GCC_DYNAMIC_NO_PIC = NO;
				GCC_NO_COMMON_BLOCKS = YES;
				GCC_OPTIMIZATION_LEVEL = 0;
				GCC_PREPROCESSOR_DEFINITIONS = (
					"DEBUG=1",
					"$(inherited)",
				);
				GCC_WARN_64_TO_32_BIT_CONVERSION = YES;
				GCC_WARN_ABOUT_RETURN_TYPE = YES_ERROR;
				GCC_WARN_UNDECLARED_SELECTOR = YES;
				GCC_WARN_UNINITIALIZED_AUTOS = YES_AGGRESSIVE;
				GCC_WARN_UNUSED_FUNCTION = YES;
				GCC_WARN_UNUSED_VARIABLE = YES;
				IPHONEOS_DEPLOYMENT_TARGET = 9.3;
				MTL_ENABLE_DEBUG_INFO = YES;
				ONLY_ACTIVE_ARCH = YES;
				SDKROOT = iphoneos;
			};
			name = Debug;
		};
		FF86FCFB1CB83E4600A662DC /* Release */ = {
			isa = XCBuildConfiguration;
			buildSettings = {
				ALWAYS_SEARCH_USER_PATHS = NO;
				CLANG_ANALYZER_NONNULL = YES;
				CLANG_CXX_LANGUAGE_STANDARD = "gnu++0x";
				CLANG_CXX_LIBRARY = "libc++";
				CLANG_ENABLE_MODULES = YES;
				CLANG_ENABLE_OBJC_ARC = YES;
				CLANG_WARN_BOOL_CONVERSION = YES;
				CLANG_WARN_CONSTANT_CONVERSION = YES;
				CLANG_WARN_DIRECT_OBJC_ISA_USAGE = YES_ERROR;
				CLANG_WARN_EMPTY_BODY = YES;
				CLANG_WARN_ENUM_CONVERSION = YES;
				CLANG_WARN_INT_CONVERSION = YES;
				CLANG_WARN_OBJC_ROOT_CLASS = YES_ERROR;
				CLANG_WARN_UNREACHABLE_CODE = YES;
				CLANG_WARN__DUPLICATE_METHOD_MATCH = YES;
				"CODE_SIGN_IDENTITY[sdk=iphoneos*]" = "iPhone Developer";
				COPY_PHASE_STRIP = NO;
				DEBUG_INFORMATION_FORMAT = "dwarf-with-dsym";
				ENABLE_NS_ASSERTIONS = NO;
				ENABLE_STRICT_OBJC_MSGSEND = YES;
				GCC_C_LANGUAGE_STANDARD = gnu99;
				GCC_NO_COMMON_BLOCKS = YES;
				GCC_WARN_64_TO_32_BIT_CONVERSION = YES;
				GCC_WARN_ABOUT_RETURN_TYPE = YES_ERROR;
				GCC_WARN_UNDECLARED_SELECTOR = YES;
				GCC_WARN_UNINITIALIZED_AUTOS = YES_AGGRESSIVE;
				GCC_WARN_UNUSED_FUNCTION = YES;
				GCC_WARN_UNUSED_VARIABLE = YES;
				IPHONEOS_DEPLOYMENT_TARGET = 9.3;
				MTL_ENABLE_DEBUG_INFO = NO;
				SDKROOT = iphoneos;
				VALIDATE_PRODUCT = YES;
			};
			name = Release;
		};
		FF86FCFD1CB83E4600A662DC /* Debug */ = {
			isa = XCBuildConfiguration;
			buildSettings = {
				ASSETCATALOG_COMPILER_APPICON_NAME = AppIcon;
				INFOPLIST_FILE = Contacts/Info.plist;
				LD_RUNPATH_SEARCH_PATHS = "$(inherited) @executable_path/Frameworks";
				PRODUCT_BUNDLE_IDENTIFIER = barros.thomaz.Contacts;
				PRODUCT_NAME = "$(TARGET_NAME)";
			};
			name = Debug;
		};
		FF86FCFE1CB83E4600A662DC /* Release */ = {
			isa = XCBuildConfiguration;
			buildSettings = {
				ASSETCATALOG_COMPILER_APPICON_NAME = AppIcon;
				INFOPLIST_FILE = Contacts/Info.plist;
				LD_RUNPATH_SEARCH_PATHS = "$(inherited) @executable_path/Frameworks";
				PRODUCT_BUNDLE_IDENTIFIER = barros.thomaz.Contacts;
				PRODUCT_NAME = "$(TARGET_NAME)";
			};
			name = Release;
		};
/* End XCBuildConfiguration section */

/* Begin XCConfigurationList section */
		FF86FCDD1CB83E4600A662DC /* Build configuration list for PBXProject "Contacts" */ = {
			isa = XCConfigurationList;
			buildConfigurations = (
				FF86FCFA1CB83E4600A662DC /* Debug */,
				FF86FCFB1CB83E4600A662DC /* Release */,
			);
			defaultConfigurationIsVisible = 0;
			defaultConfigurationName = Release;
		};
		FF86FCFC1CB83E4600A662DC /* Build configuration list for PBXNativeTarget "Contacts" */ = {
			isa = XCConfigurationList;
			buildConfigurations = (
				FF86FCFD1CB83E4600A662DC /* Debug */,
				FF86FCFE1CB83E4600A662DC /* Release */,
			);
			defaultConfigurationIsVisible = 0;
			defaultConfigurationName = Release;
		};
/* End XCConfigurationList section */

/* Begin XCVersionGroup section */
		FF86FCF11CB83E4600A662DC /* Contacts.xcdatamodeld */ = {
			isa = XCVersionGroup;
			children = (
				FF86FCF21CB83E4600A662DC /* Contacts.xcdatamodel */,
			);
			currentVersion = FF86FCF21CB83E4600A662DC /* Contacts.xcdatamodel */;
			path = Contacts.xcdatamodeld;
			sourceTree = "<group>";
			versionGroupType = wrapper.xcdatamodel;
		};
/* End XCVersionGroup section */
	};
	rootObject = FF86FCDA1CB83E4600A662DC /* Project object */;
}
